// !$*UTF8*$!
{
	archiveVersion = 1;
	classes = {
	};
	objectVersion = 56;
	objects = {

/* Begin PBXBuildFile section */
		74D9D7322C678BB600631A57 /* appchatswiftApp.swift in Sources */ = {isa = PBXBuildFile; fileRef = 74D9D7312C678BB600631A57 /* appchatswiftApp.swift */; };
		74D9D7342C678BB600631A57 /* ContentView.swift in Sources */ = {isa = PBXBuildFile; fileRef = 74D9D7332C678BB600631A57 /* ContentView.swift */; };
		74D9D7362C678BB800631A57 /* Assets.xcassets in Resources */ = {isa = PBXBuildFile; fileRef = 74D9D7352C678BB800631A57 /* Assets.xcassets */; };
		74D9D73A2C678BB800631A57 /* Preview Assets.xcassets in Resources */ = {isa = PBXBuildFile; fileRef = 74D9D7392C678BB800631A57 /* Preview Assets.xcassets */; };
		74D9D7442C678BB900631A57 /* appchatswiftTests.swift in Sources */ = {isa = PBXBuildFile; fileRef = 74D9D7432C678BB900631A57 /* appchatswiftTests.swift */; };
		74D9D74E2C678BB900631A57 /* appchatswiftUITests.swift in Sources */ = {isa = PBXBuildFile; fileRef = 74D9D74D2C678BB900631A57 /* appchatswiftUITests.swift */; };
		74D9D7502C678BB900631A57 /* appchatswiftUITestsLaunchTests.swift in Sources */ = {isa = PBXBuildFile; fileRef = 74D9D74F2C678BB900631A57 /* appchatswiftUITestsLaunchTests.swift */; };
		74D9D75D2C678BDB00631A57 /* ChatView.swift in Sources */ = {isa = PBXBuildFile; fileRef = 74D9D75C2C678BDB00631A57 /* ChatView.swift */; };
		74D9D75F2C678BF400631A57 /* Message.swift in Sources */ = {isa = PBXBuildFile; fileRef = 74D9D75E2C678BF400631A57 /* Message.swift */; };
/* End PBXBuildFile section */

/* Begin PBXContainerItemProxy section */
		74D9D7402C678BB900631A57 /* PBXContainerItemProxy */ = {
			isa = PBXContainerItemProxy;
			containerPortal = 74D9D7262C678BB600631A57 /* Project object */;
			proxyType = 1;
			remoteGlobalIDString = 74D9D72D2C678BB600631A57;
			remoteInfo = appchatswift;
		};
		74D9D74A2C678BB900631A57 /* PBXContainerItemProxy */ = {
			isa = PBXContainerItemProxy;
			containerPortal = 74D9D7262C678BB600631A57 /* Project object */;
			proxyType = 1;
			remoteGlobalIDString = 74D9D72D2C678BB600631A57;
			remoteInfo = appchatswift;
		};
/* End PBXContainerItemProxy section */

/* Begin PBXFileReference section */
		74D9D72E2C678BB600631A57 /* appchatswift.app */ = {isa = PBXFileReference; explicitFileType = wrapper.application; includeInIndex = 0; path = appchatswift.app; sourceTree = BUILT_PRODUCTS_DIR; };
		74D9D7312C678BB600631A57 /* appchatswiftApp.swift */ = {isa = PBXFileReference; lastKnownFileType = sourcecode.swift; path = appchatswiftApp.swift; sourceTree = "<group>"; };
		74D9D7332C678BB600631A57 /* ContentView.swift */ = {isa = PBXFileReference; lastKnownFileType = sourcecode.swift; path = ContentView.swift; sourceTree = "<group>"; };
		74D9D7352C678BB800631A57 /* Assets.xcassets */ = {isa = PBXFileReference; lastKnownFileType = folder.assetcatalog; path = Assets.xcassets; sourceTree = "<group>"; };
		74D9D7372C678BB800631A57 /* appchatswift.entitlements */ = {isa = PBXFileReference; lastKnownFileType = text.plist.entitlements; path = appchatswift.entitlements; sourceTree = "<group>"; };
		74D9D7392C678BB800631A57 /* Preview Assets.xcassets */ = {isa = PBXFileReference; lastKnownFileType = folder.assetcatalog; path = "Preview Assets.xcassets"; sourceTree = "<group>"; };
		74D9D73F2C678BB900631A57 /* appchatswiftTests.xctest */ = {isa = PBXFileReference; explicitFileType = wrapper.cfbundle; includeInIndex = 0; path = appchatswiftTests.xctest; sourceTree = BUILT_PRODUCTS_DIR; };
		74D9D7432C678BB900631A57 /* appchatswiftTests.swift */ = {isa = PBXFileReference; lastKnownFileType = sourcecode.swift; path = appchatswiftTests.swift; sourceTree = "<group>"; };
		74D9D7492C678BB900631A57 /* appchatswiftUITests.xctest */ = {isa = PBXFileReference; explicitFileType = wrapper.cfbundle; includeInIndex = 0; path = appchatswiftUITests.xctest; sourceTree = BUILT_PRODUCTS_DIR; };
		74D9D74D2C678BB900631A57 /* appchatswiftUITests.swift */ = {isa = PBXFileReference; lastKnownFileType = sourcecode.swift; path = appchatswiftUITests.swift; sourceTree = "<group>"; };
		74D9D74F2C678BB900631A57 /* appchatswiftUITestsLaunchTests.swift */ = {isa = PBXFileReference; lastKnownFileType = sourcecode.swift; path = appchatswiftUITestsLaunchTests.swift; sourceTree = "<group>"; };
		74D9D75C2C678BDB00631A57 /* ChatView.swift */ = {isa = PBXFileReference; lastKnownFileType = sourcecode.swift; path = ChatView.swift; sourceTree = "<group>"; };
		74D9D75E2C678BF400631A57 /* Message.swift */ = {isa = PBXFileReference; lastKnownFileType = sourcecode.swift; path = Message.swift; sourceTree = "<group>"; };
/* End PBXFileReference section */

/* Begin PBXFrameworksBuildPhase section */
		74D9D72B2C678BB600631A57 /* Frameworks */ = {
			isa = PBXFrameworksBuildPhase;
			buildActionMask = 2147483647;
			files = (
			);
			runOnlyForDeploymentPostprocessing = 0;
		};
		74D9D73C2C678BB900631A57 /* Frameworks */ = {
			isa = PBXFrameworksBuildPhase;
			buildActionMask = 2147483647;
			files = (
			);
			runOnlyForDeploymentPostprocessing = 0;
		};
		74D9D7462C678BB900631A57 /* Frameworks */ = {
			isa = PBXFrameworksBuildPhase;
			buildActionMask = 2147483647;
			files = (
			);
			runOnlyForDeploymentPostprocessing = 0;
		};
/* End PBXFrameworksBuildPhase section */

/* Begin PBXGroup section */
		74D9D7252C678BB600631A57 = {
			isa = PBXGroup;
			children = (
				74D9D7302C678BB600631A57 /* appchatswift */,
				74D9D7422C678BB900631A57 /* appchatswiftTests */,
				74D9D74C2C678BB900631A57 /* appchatswiftUITests */,
				74D9D72F2C678BB600631A57 /* Products */,
			);
			sourceTree = "<group>";
		};
		74D9D72F2C678BB600631A57 /* Products */ = {
			isa = PBXGroup;
			children = (
				74D9D72E2C678BB600631A57 /* appchatswift.app */,
				74D9D73F2C678BB900631A57 /* appchatswiftTests.xctest */,
				74D9D7492C678BB900631A57 /* appchatswiftUITests.xctest */,
			);
			name = Products;
			sourceTree = "<group>";
		};
		74D9D7302C678BB600631A57 /* appchatswift */ = {
			isa = PBXGroup;
			children = (
				74D9D7312C678BB600631A57 /* appchatswiftApp.swift */,
				74D9D75C2C678BDB00631A57 /* ChatView.swift */,
				74D9D75E2C678BF400631A57 /* Message.swift */,
				74D9D7332C678BB600631A57 /* ContentView.swift */,
				74D9D7352C678BB800631A57 /* Assets.xcassets */,
				74D9D7372C678BB800631A57 /* appchatswift.entitlements */,
				74D9D7382C678BB800631A57 /* Preview Content */,
			);
			path = appchatswift;
			sourceTree = "<group>";
		};
		74D9D7382C678BB800631A57 /* Preview Content */ = {
			isa = PBXGroup;
			children = (
				74D9D7392C678BB800631A57 /* Preview Assets.xcassets */,
			);
			path = "Preview Content";
			sourceTree = "<group>";
		};
		74D9D7422C678BB900631A57 /* appchatswiftTests */ = {
			isa = PBXGroup;
			children = (
				74D9D7432C678BB900631A57 /* appchatswiftTests.swift */,
			);
			path = appchatswiftTests;
			sourceTree = "<group>";
		};
		74D9D74C2C678BB900631A57 /* appchatswiftUITests */ = {
			isa = PBXGroup;
			children = (
				74D9D74D2C678BB900631A57 /* appchatswiftUITests.swift */,
				74D9D74F2C678BB900631A57 /* appchatswiftUITestsLaunchTests.swift */,
			);
			path = appchatswiftUITests;
			sourceTree = "<group>";
		};
/* End PBXGroup section */

/* Begin PBXNativeTarget section */
		74D9D72D2C678BB600631A57 /* appchatswift */ = {
			isa = PBXNativeTarget;
			buildConfigurationList = 74D9D7532C678BB900631A57 /* Build configuration list for PBXNativeTarget "appchatswift" */;
			buildPhases = (
				74D9D72A2C678BB600631A57 /* Sources */,
				74D9D72B2C678BB600631A57 /* Frameworks */,
				74D9D72C2C678BB600631A57 /* Resources */,
			);
			buildRules = (
			);
			dependencies = (
			);
			name = appchatswift;
			productName = appchatswift;
			productReference = 74D9D72E2C678BB600631A57 /* appchatswift.app */;
			productType = "com.apple.product-type.application";
		};
		74D9D73E2C678BB900631A57 /* appchatswiftTests */ = {
			isa = PBXNativeTarget;
			buildConfigurationList = 74D9D7562C678BB900631A57 /* Build configuration list for PBXNativeTarget "appchatswiftTests" */;
			buildPhases = (
				74D9D73B2C678BB900631A57 /* Sources */,
				74D9D73C2C678BB900631A57 /* Frameworks */,
				74D9D73D2C678BB900631A57 /* Resources */,
			);
			buildRules = (
			);
			dependencies = (
				74D9D7412C678BB900631A57 /* PBXTargetDependency */,
			);
			name = appchatswiftTests;
			productName = appchatswiftTests;
			productReference = 74D9D73F2C678BB900631A57 /* appchatswiftTests.xctest */;
			productType = "com.apple.product-type.bundle.unit-test";
		};
		74D9D7482C678BB900631A57 /* appchatswiftUITests */ = {
			isa = PBXNativeTarget;
			buildConfigurationList = 74D9D7592C678BB900631A57 /* Build configuration list for PBXNativeTarget "appchatswiftUITests" */;
			buildPhases = (
				74D9D7452C678BB900631A57 /* Sources */,
				74D9D7462C678BB900631A57 /* Frameworks */,
				74D9D7472C678BB900631A57 /* Resources */,
			);
			buildRules = (
			);
			dependencies = (
				74D9D74B2C678BB900631A57 /* PBXTargetDependency */,
			);
			name = appchatswiftUITests;
			productName = appchatswiftUITests;
			productReference = 74D9D7492C678BB900631A57 /* appchatswiftUITests.xctest */;
			productType = "com.apple.product-type.bundle.ui-testing";
		};
/* End PBXNativeTarget section */

/* Begin PBXProject section */
		74D9D7262C678BB600631A57 /* Project object */ = {
			isa = PBXProject;
			attributes = {
				BuildIndependentTargetsInParallel = 1;
				LastSwiftUpdateCheck = 1540;
				LastUpgradeCheck = 1540;
				TargetAttributes = {
					74D9D72D2C678BB600631A57 = {
						CreatedOnToolsVersion = 15.4;
					};
					74D9D73E2C678BB900631A57 = {
						CreatedOnToolsVersion = 15.4;
						TestTargetID = 74D9D72D2C678BB600631A57;
					};
					74D9D7482C678BB900631A57 = {
						CreatedOnToolsVersion = 15.4;
						TestTargetID = 74D9D72D2C678BB600631A57;
					};
				};
			};
			buildConfigurationList = 74D9D7292C678BB600631A57 /* Build configuration list for PBXProject "appchatswift" */;
			compatibilityVersion = "Xcode 14.0";
			developmentRegion = en;
			hasScannedForEncodings = 0;
			knownRegions = (
				en,
				Base,
			);
			mainGroup = 74D9D7252C678BB600631A57;
			productRefGroup = 74D9D72F2C678BB600631A57 /* Products */;
			projectDirPath = "";
			projectRoot = "";
			targets = (
				74D9D72D2C678BB600631A57 /* appchatswift */,
				74D9D73E2C678BB900631A57 /* appchatswiftTests */,
				74D9D7482C678BB900631A57 /* appchatswiftUITests */,
			);
		};
/* End PBXProject section */

/* Begin PBXResourcesBuildPhase section */
		74D9D72C2C678BB600631A57 /* Resources */ = {
			isa = PBXResourcesBuildPhase;
			buildActionMask = 2147483647;
			files = (
				74D9D73A2C678BB800631A57 /* Preview Assets.xcassets in Resources */,
				74D9D7362C678BB800631A57 /* Assets.xcassets in Resources */,
			);
			runOnlyForDeploymentPostprocessing = 0;
		};
		74D9D73D2C678BB900631A57 /* Resources */ = {
			isa = PBXResourcesBuildPhase;
			buildActionMask = 2147483647;
			files = (
			);
			runOnlyForDeploymentPostprocessing = 0;
		};
		74D9D7472C678BB900631A57 /* Resources */ = {
			isa = PBXResourcesBuildPhase;
			buildActionMask = 2147483647;
			files = (
			);
			runOnlyForDeploymentPostprocessing = 0;
		};
/* End PBXResourcesBuildPhase section */

/* Begin PBXSourcesBuildPhase section */
		74D9D72A2C678BB600631A57 /* Sources */ = {
			isa = PBXSourcesBuildPhase;
			buildActionMask = 2147483647;
			files = (
				74D9D7342C678BB600631A57 /* ContentView.swift in Sources */,
				74D9D75F2C678BF400631A57 /* Message.swift in Sources */,
				74D9D75D2C678BDB00631A57 /* ChatView.swift in Sources */,
				74D9D7322C678BB600631A57 /* appchatswiftApp.swift in Sources */,
			);
			runOnlyForDeploymentPostprocessing = 0;
		};
		74D9D73B2C678BB900631A57 /* Sources */ = {
			isa = PBXSourcesBuildPhase;
			buildActionMask = 2147483647;
			files = (
				74D9D7442C678BB900631A57 /* appchatswiftTests.swift in Sources */,
			);
			runOnlyForDeploymentPostprocessing = 0;
		};
		74D9D7452C678BB900631A57 /* Sources */ = {
			isa = PBXSourcesBuildPhase;
			buildActionMask = 2147483647;
			files = (
				74D9D7502C678BB900631A57 /* appchatswiftUITestsLaunchTests.swift in Sources */,
				74D9D74E2C678BB900631A57 /* appchatswiftUITests.swift in Sources */,
			);
			runOnlyForDeploymentPostprocessing = 0;
		};
/* End PBXSourcesBuildPhase section */

/* Begin PBXTargetDependency section */
		74D9D7412C678BB900631A57 /* PBXTargetDependency */ = {
			isa = PBXTargetDependency;
			target = 74D9D72D2C678BB600631A57 /* appchatswift */;
			targetProxy = 74D9D7402C678BB900631A57 /* PBXContainerItemProxy */;
		};
		74D9D74B2C678BB900631A57 /* PBXTargetDependency */ = {
			isa = PBXTargetDependency;
			target = 74D9D72D2C678BB600631A57 /* appchatswift */;
			targetProxy = 74D9D74A2C678BB900631A57 /* PBXContainerItemProxy */;
		};
/* End PBXTargetDependency section */

/* Begin XCBuildConfiguration section */
		74D9D7512C678BB900631A57 /* Debug */ = {
			isa = XCBuildConfiguration;
			buildSettings = {
				ALWAYS_SEARCH_USER_PATHS = NO;
				ASSETCATALOG_COMPILER_GENERATE_SWIFT_ASSET_SYMBOL_EXTENSIONS = YES;
				CLANG_ANALYZER_NONNULL = YES;
				CLANG_ANALYZER_NUMBER_OBJECT_CONVERSION = YES_AGGRESSIVE;
				CLANG_CXX_LANGUAGE_STANDARD = "gnu++20";
				CLANG_ENABLE_MODULES = YES;
				CLANG_ENABLE_OBJC_ARC = YES;
				CLANG_ENABLE_OBJC_WEAK = YES;
				CLANG_WARN_BLOCK_CAPTURE_AUTORELEASING = YES;
				CLANG_WARN_BOOL_CONVERSION = YES;
				CLANG_WARN_COMMA = YES;
				CLANG_WARN_CONSTANT_CONVERSION = YES;
				CLANG_WARN_DEPRECATED_OBJC_IMPLEMENTATIONS = YES;
				CLANG_WARN_DIRECT_OBJC_ISA_USAGE = YES_ERROR;
				CLANG_WARN_DOCUMENTATION_COMMENTS = YES;
				CLANG_WARN_EMPTY_BODY = YES;
				CLANG_WARN_ENUM_CONVERSION = YES;
				CLANG_WARN_INFINITE_RECURSION = YES;
				CLANG_WARN_INT_CONVERSION = YES;
				CLANG_WARN_NON_LITERAL_NULL_CONVERSION = YES;
				CLANG_WARN_OBJC_IMPLICIT_RETAIN_SELF = YES;
				CLANG_WARN_OBJC_LITERAL_CONVERSION = YES;
				CLANG_WARN_OBJC_ROOT_CLASS = YES_ERROR;
				CLANG_WARN_QUOTED_INCLUDE_IN_FRAMEWORK_HEADER = YES;
				CLANG_WARN_RANGE_LOOP_ANALYSIS = YES;
				CLANG_WARN_STRICT_PROTOTYPES = YES;
				CLANG_WARN_SUSPICIOUS_MOVE = YES;
				CLANG_WARN_UNGUARDED_AVAILABILITY = YES_AGGRESSIVE;
				CLANG_WARN_UNREACHABLE_CODE = YES;
				CLANG_WARN__DUPLICATE_METHOD_MATCH = YES;
				COPY_PHASE_STRIP = NO;
				DEBUG_INFORMATION_FORMAT = dwarf;
				ENABLE_STRICT_OBJC_MSGSEND = YES;
				ENABLE_TESTABILITY = YES;
				ENABLE_USER_SCRIPT_SANDBOXING = YES;
				GCC_C_LANGUAGE_STANDARD = gnu17;
				GCC_DYNAMIC_NO_PIC = NO;
				GCC_NO_COMMON_BLOCKS = YES;
				GCC_OPTIMIZATION_LEVEL = 0;
				GCC_PREPROCESSOR_DEFINITIONS = (
					"DEBUG=1",
					"$(inherited)",
				);
				GCC_WARN_64_TO_32_BIT_CONVERSION = YES;
				GCC_WARN_ABOUT_RETURN_TYPE = YES_ERROR;
				GCC_WARN_UNDECLARED_SELECTOR = YES;
				GCC_WARN_UNINITIALIZED_AUTOS = YES_AGGRESSIVE;
				GCC_WARN_UNUSED_FUNCTION = YES;
				GCC_WARN_UNUSED_VARIABLE = YES;
				LOCALIZATION_PREFERS_STRING_CATALOGS = YES;
				MTL_ENABLE_DEBUG_INFO = INCLUDE_SOURCE;
				MTL_FAST_MATH = YES;
				ONLY_ACTIVE_ARCH = YES;
				SWIFT_ACTIVE_COMPILATION_CONDITIONS = "DEBUG $(inherited)";
				SWIFT_OPTIMIZATION_LEVEL = "-Onone";
			};
			name = Debug;
		};
		74D9D7522C678BB900631A57 /* Release */ = {
			isa = XCBuildConfiguration;
			buildSettings = {
				ALWAYS_SEARCH_USER_PATHS = NO;
				ASSETCATALOG_COMPILER_GENERATE_SWIFT_ASSET_SYMBOL_EXTENSIONS = YES;
				CLANG_ANALYZER_NONNULL = YES;
				CLANG_ANALYZER_NUMBER_OBJECT_CONVERSION = YES_AGGRESSIVE;
				CLANG_CXX_LANGUAGE_STANDARD = "gnu++20";
				CLANG_ENABLE_MODULES = YES;
				CLANG_ENABLE_OBJC_ARC = YES;
				CLANG_ENABLE_OBJC_WEAK = YES;
				CLANG_WARN_BLOCK_CAPTURE_AUTORELEASING = YES;
				CLANG_WARN_BOOL_CONVERSION = YES;
				CLANG_WARN_COMMA = YES;
				CLANG_WARN_CONSTANT_CONVERSION = YES;
				CLANG_WARN_DEPRECATED_OBJC_IMPLEMENTATIONS = YES;
				CLANG_WARN_DIRECT_OBJC_ISA_USAGE = YES_ERROR;
				CLANG_WARN_DOCUMENTATION_COMMENTS = YES;
				CLANG_WARN_EMPTY_BODY = YES;
				CLANG_WARN_ENUM_CONVERSION = YES;
				CLANG_WARN_INFINITE_RECURSION = YES;
				CLANG_WARN_INT_CONVERSION = YES;
				CLANG_WARN_NON_LITERAL_NULL_CONVERSION = YES;
				CLANG_WARN_OBJC_IMPLICIT_RETAIN_SELF = YES;
				CLANG_WARN_OBJC_LITERAL_CONVERSION = YES;
				CLANG_WARN_OBJC_ROOT_CLASS = YES_ERROR;
				CLANG_WARN_QUOTED_INCLUDE_IN_FRAMEWORK_HEADER = YES;
				CLANG_WARN_RANGE_LOOP_ANALYSIS = YES;
				CLANG_WARN_STRICT_PROTOTYPES = YES;
				CLANG_WARN_SUSPICIOUS_MOVE = YES;
				CLANG_WARN_UNGUARDED_AVAILABILITY = YES_AGGRESSIVE;
				CLANG_WARN_UNREACHABLE_CODE = YES;
				CLANG_WARN__DUPLICATE_METHOD_MATCH = YES;
				COPY_PHASE_STRIP = NO;
				DEBUG_INFORMATION_FORMAT = "dwarf-with-dsym";
				ENABLE_NS_ASSERTIONS = NO;
				ENABLE_STRICT_OBJC_MSGSEND = YES;
				ENABLE_USER_SCRIPT_SANDBOXING = YES;
				GCC_C_LANGUAGE_STANDARD = gnu17;
				GCC_NO_COMMON_BLOCKS = YES;
				GCC_WARN_64_TO_32_BIT_CONVERSION = YES;
				GCC_WARN_ABOUT_RETURN_TYPE = YES_ERROR;
				GCC_WARN_UNDECLARED_SELECTOR = YES;
				GCC_WARN_UNINITIALIZED_AUTOS = YES_AGGRESSIVE;
				GCC_WARN_UNUSED_FUNCTION = YES;
				GCC_WARN_UNUSED_VARIABLE = YES;
				LOCALIZATION_PREFERS_STRING_CATALOGS = YES;
				MTL_ENABLE_DEBUG_INFO = NO;
				MTL_FAST_MATH = YES;
				SWIFT_COMPILATION_MODE = wholemodule;
			};
			name = Release;
		};
		74D9D7542C678BB900631A57 /* Debug */ = {
			isa = XCBuildConfiguration;
			buildSettings = {
				ASSETCATALOG_COMPILER_APPICON_NAME = AppIcon;
				ASSETCATALOG_COMPILER_GLOBAL_ACCENT_COLOR_NAME = AccentColor;
				CODE_SIGN_ENTITLEMENTS = appchatswift/appchatswift.entitlements;
				CODE_SIGN_STYLE = Automatic;
				CURRENT_PROJECT_VERSION = 1;
				DEVELOPMENT_ASSET_PATHS = "\"appchatswift/Preview Content\"";
				DEVELOPMENT_TEAM = SFGN24775D;
				ENABLE_HARDENED_RUNTIME = YES;
				ENABLE_PREVIEWS = YES;
				GENERATE_INFOPLIST_FILE = YES;
				"INFOPLIST_KEY_UIApplicationSceneManifest_Generation[sdk=iphoneos*]" = YES;
				"INFOPLIST_KEY_UIApplicationSceneManifest_Generation[sdk=iphonesimulator*]" = YES;
				"INFOPLIST_KEY_UIApplicationSupportsIndirectInputEvents[sdk=iphoneos*]" = YES;
				"INFOPLIST_KEY_UIApplicationSupportsIndirectInputEvents[sdk=iphonesimulator*]" = YES;
				"INFOPLIST_KEY_UILaunchScreen_Generation[sdk=iphoneos*]" = YES;
				"INFOPLIST_KEY_UILaunchScreen_Generation[sdk=iphonesimulator*]" = YES;
				"INFOPLIST_KEY_UIStatusBarStyle[sdk=iphoneos*]" = UIStatusBarStyleDefault;
				"INFOPLIST_KEY_UIStatusBarStyle[sdk=iphonesimulator*]" = UIStatusBarStyleDefault;
				INFOPLIST_KEY_UISupportedInterfaceOrientations_iPad = "UIInterfaceOrientationPortrait UIInterfaceOrientationPortraitUpsideDown UIInterfaceOrientationLandscapeLeft UIInterfaceOrientationLandscapeRight";
				INFOPLIST_KEY_UISupportedInterfaceOrientations_iPhone = "UIInterfaceOrientationPortrait UIInterfaceOrientationLandscapeLeft UIInterfaceOrientationLandscapeRight";
				IPHONEOS_DEPLOYMENT_TARGET = 17.5;
				LD_RUNPATH_SEARCH_PATHS = "@executable_path/Frameworks";
				"LD_RUNPATH_SEARCH_PATHS[sdk=macosx*]" = "@executable_path/../Frameworks";
				MACOSX_DEPLOYMENT_TARGET = 14.5;
				MARKETING_VERSION = 1.0;
				PRODUCT_BUNDLE_IDENTIFIER = ChatApp.appchatswift;
				PRODUCT_NAME = "$(TARGET_NAME)";
				SDKROOT = auto;
				SUPPORTED_PLATFORMS = "iphoneos iphonesimulator macosx";
				SWIFT_EMIT_LOC_STRINGS = YES;
				SWIFT_VERSION = 5.0;
				TARGETED_DEVICE_FAMILY = "1,2";
			};
			name = Debug;
		};
		74D9D7552C678BB900631A57 /* Release */ = {
			isa = XCBuildConfiguration;
			buildSettings = {
				ASSETCATALOG_COMPILER_APPICON_NAME = AppIcon;
				ASSETCATALOG_COMPILER_GLOBAL_ACCENT_COLOR_NAME = AccentColor;
				CODE_SIGN_ENTITLEMENTS = appchatswift/appchatswift.entitlements;
				CODE_SIGN_STYLE = Automatic;
				CURRENT_PROJECT_VERSION = 1;
				DEVELOPMENT_ASSET_PATHS = "\"appchatswift/Preview Content\"";
				DEVELOPMENT_TEAM = SFGN24775D;
				ENABLE_HARDENED_RUNTIME = YES;
				ENABLE_PREVIEWS = YES;
				GENERATE_INFOPLIST_FILE = YES;
				"INFOPLIST_KEY_UIApplicationSceneManifest_Generation[sdk=iphoneos*]" = YES;
				"INFOPLIST_KEY_UIApplicationSceneManifest_Generation[sdk=iphonesimulator*]" = YES;
				"INFOPLIST_KEY_UIApplicationSupportsIndirectInputEvents[sdk=iphoneos*]" = YES;
				"INFOPLIST_KEY_UIApplicationSupportsIndirectInputEvents[sdk=iphonesimulator*]" = YES;
				"INFOPLIST_KEY_UILaunchScreen_Generation[sdk=iphoneos*]" = YES;
				"INFOPLIST_KEY_UILaunchScreen_Generation[sdk=iphonesimulator*]" = YES;
				"INFOPLIST_KEY_UIStatusBarStyle[sdk=iphoneos*]" = UIStatusBarStyleDefault;
				"INFOPLIST_KEY_UIStatusBarStyle[sdk=iphonesimulator*]" = UIStatusBarStyleDefault;
				INFOPLIST_KEY_UISupportedInterfaceOrientations_iPad = "UIInterfaceOrientationPortrait UIInterfaceOrientationPortraitUpsideDown UIInterfaceOrientationLandscapeLeft UIInterfaceOrientationLandscapeRight";
				INFOPLIST_KEY_UISupportedInterfaceOrientations_iPhone = "UIInterfaceOrientationPortrait UIInterfaceOrientationLandscapeLeft UIInterfaceOrientationLandscapeRight";
				IPHONEOS_DEPLOYMENT_TARGET = 17.5;
				LD_RUNPATH_SEARCH_PATHS = "@executable_path/Frameworks";
				"LD_RUNPATH_SEARCH_PATHS[sdk=macosx*]" = "@executable_path/../Frameworks";
				MACOSX_DEPLOYMENT_TARGET = 14.5;
				MARKETING_VERSION = 1.0;
				PRODUCT_BUNDLE_IDENTIFIER = ChatApp.appchatswift;
				PRODUCT_NAME = "$(TARGET_NAME)";
				SDKROOT = auto;
				SUPPORTED_PLATFORMS = "iphoneos iphonesimulator macosx";
				SWIFT_EMIT_LOC_STRINGS = YES;
				SWIFT_VERSION = 5.0;
				TARGETED_DEVICE_FAMILY = "1,2";
			};
			name = Release;
		};
		74D9D7572C678BB900631A57 /* Debug */ = {
			isa = XCBuildConfiguration;
			buildSettings = {
				ALWAYS_EMBED_SWIFT_STANDARD_LIBRARIES = YES;
				BUNDLE_LOADER = "$(TEST_HOST)";
				CODE_SIGN_STYLE = Automatic;
				CURRENT_PROJECT_VERSION = 1;
				DEVELOPMENT_TEAM = SFGN24775D;
				GENERATE_INFOPLIST_FILE = YES;
				IPHONEOS_DEPLOYMENT_TARGET = 17.5;
				MACOSX_DEPLOYMENT_TARGET = 14.5;
				MARKETING_VERSION = 1.0;
				PRODUCT_BUNDLE_IDENTIFIER = ChatApp.appchatswiftTests;
				PRODUCT_NAME = "$(TARGET_NAME)";
				SDKROOT = auto;
				SUPPORTED_PLATFORMS = "iphoneos iphonesimulator macosx";
				SWIFT_EMIT_LOC_STRINGS = NO;
				SWIFT_VERSION = 5.0;
				TARGETED_DEVICE_FAMILY = "1,2";
				TEST_HOST = "$(BUILT_PRODUCTS_DIR)/appchatswift.app/$(BUNDLE_EXECUTABLE_FOLDER_PATH)/appchatswift";
			};
			name = Debug;
		};
		74D9D7582C678BB900631A57 /* Release */ = {
			isa = XCBuildConfiguration;
			buildSettings = {
				ALWAYS_EMBED_SWIFT_STANDARD_LIBRARIES = YES;
				BUNDLE_LOADER = "$(TEST_HOST)";
				CODE_SIGN_STYLE = Automatic;
				CURRENT_PROJECT_VERSION = 1;
				DEVELOPMENT_TEAM = SFGN24775D;
				GENERATE_INFOPLIST_FILE = YES;
				IPHONEOS_DEPLOYMENT_TARGET = 17.5;
				MACOSX_DEPLOYMENT_TARGET = 14.5;
				MARKETING_VERSION = 1.0;
				PRODUCT_BUNDLE_IDENTIFIER = ChatApp.appchatswiftTests;
				PRODUCT_NAME = "$(TARGET_NAME)";
				SDKROOT = auto;
				SUPPORTED_PLATFORMS = "iphoneos iphonesimulator macosx";
				SWIFT_EMIT_LOC_STRINGS = NO;
				SWIFT_VERSION = 5.0;
				TARGETED_DEVICE_FAMILY = "1,2";
				TEST_HOST = "$(BUILT_PRODUCTS_DIR)/appchatswift.app/$(BUNDLE_EXECUTABLE_FOLDER_PATH)/appchatswift";
			};
			name = Release;
		};
		74D9D75A2C678BB900631A57 /* Debug */ = {
			isa = XCBuildConfiguration;
			buildSettings = {
				ALWAYS_EMBED_SWIFT_STANDARD_LIBRARIES = YES;
				CODE_SIGN_STYLE = Automatic;
				CURRENT_PROJECT_VERSION = 1;
				DEVELOPMENT_TEAM = SFGN24775D;
				GENERATE_INFOPLIST_FILE = YES;
				IPHONEOS_DEPLOYMENT_TARGET = 17.5;
				MACOSX_DEPLOYMENT_TARGET = 14.5;
				MARKETING_VERSION = 1.0;
				PRODUCT_BUNDLE_IDENTIFIER = ChatApp.appchatswiftUITests;
				PRODUCT_NAME = "$(TARGET_NAME)";
				SDKROOT = auto;
				SUPPORTED_PLATFORMS = "iphoneos iphonesimulator macosx";
				SWIFT_EMIT_LOC_STRINGS = NO;
				SWIFT_VERSION = 5.0;
				TARGETED_DEVICE_FAMILY = "1,2";
				TEST_TARGET_NAME = appchatswift;
			};
			name = Debug;
		};
		74D9D75B2C678BB900631A57 /* Release */ = {
			isa = XCBuildConfiguration;
			buildSettings = {
				ALWAYS_EMBED_SWIFT_STANDARD_LIBRARIES = YES;
				CODE_SIGN_STYLE = Automatic;
				CURRENT_PROJECT_VERSION = 1;
				DEVELOPMENT_TEAM = SFGN24775D;
				GENERATE_INFOPLIST_FILE = YES;
				IPHONEOS_DEPLOYMENT_TARGET = 17.5;
				MACOSX_DEPLOYMENT_TARGET = 14.5;
				MARKETING_VERSION = 1.0;
				PRODUCT_BUNDLE_IDENTIFIER = ChatApp.appchatswiftUITests;
				PRODUCT_NAME = "$(TARGET_NAME)";
				SDKROOT = auto;
				SUPPORTED_PLATFORMS = "iphoneos iphonesimulator macosx";
				SWIFT_EMIT_LOC_STRINGS = NO;
				SWIFT_VERSION = 5.0;
				TARGETED_DEVICE_FAMILY = "1,2";
				TEST_TARGET_NAME = appchatswift;
			};
			name = Release;
		};
/* End XCBuildConfiguration section */

/* Begin XCConfigurationList section */
		74D9D7292C678BB600631A57 /* Build configuration list for PBXProject "appchatswift" */ = {
			isa = XCConfigurationList;
			buildConfigurations = (
				74D9D7512C678BB900631A57 /* Debug */,
				74D9D7522C678BB900631A57 /* Release */,
			);
			defaultConfigurationIsVisible = 0;
			defaultConfigurationName = Release;
		};
		74D9D7532C678BB900631A57 /* Build configuration list for PBXNativeTarget "appchatswift" */ = {
			isa = XCConfigurationList;
			buildConfigurations = (
				74D9D7542C678BB900631A57 /* Debug */,
				74D9D7552C678BB900631A57 /* Release */,
			);
			defaultConfigurationIsVisible = 0;
			defaultConfigurationName = Release;
		};
		74D9D7562C678BB900631A57 /* Build configuration list for PBXNativeTarget "appchatswiftTests" */ = {
			isa = XCConfigurationList;
			buildConfigurations = (
				74D9D7572C678BB900631A57 /* Debug */,
				74D9D7582C678BB900631A57 /* Release */,
			);
			defaultConfigurationIsVisible = 0;
			defaultConfigurationName = Release;
		};
		74D9D7592C678BB900631A57 /* Build configuration list for PBXNativeTarget "appchatswiftUITests" */ = {
			isa = XCConfigurationList;
			buildConfigurations = (
				74D9D75A2C678BB900631A57 /* Debug */,
				74D9D75B2C678BB900631A57 /* Release */,
			);
			defaultConfigurationIsVisible = 0;
			defaultConfigurationName = Release;
		};
/* End XCConfigurationList section */
	};
	rootObject = 74D9D7262C678BB600631A57 /* Project object */;
}
